# THIS IS AN AUTOGENERATED FILE. DO NOT EDIT THIS FILE DIRECTLY.
# yarn lockfile v1


"@types/lodash@^4.14.148":
  version "4.14.148"
  resolved "https://registry.yarnpkg.com/@types/lodash/-/lodash-4.14.148.tgz#ffa2786721707b335c6aa1465e6d3d74016fbd3e"
  integrity sha512-05+sIGPev6pwpHF7NZKfP3jcXhXsIVFnYyVRT4WOB0me62E8OlWfTN+sKyt2/rqN+ETxuHAtgTSK1v71F0yncg==

"@types/node@^12.12.9":
  version "12.12.9"
  resolved "https://registry.yarnpkg.com/@types/node/-/node-12.12.9.tgz#0b5ae05516b757cbff2e82c04500190aef986c7b"
  integrity sha512-kV3w4KeLsRBW+O2rKhktBwENNJuqAUQHS3kf4ia2wIaF/MN6U7ANgTsx7tGremcA0Pk3Yh0Hl0iKiLPuBdIgmw==

"@types/ramda@^0.26.34":
  version "0.26.34"
  resolved "https://registry.yarnpkg.com/@types/ramda/-/ramda-0.26.34.tgz#e65df964a077e9eb97c412483446681a23e56def"
  integrity sha512-5x+oE6PzERYl4IPqjj8DwvlLAz2DiQGv0KMuWM3a1byqQ8k8ebmGWw5TAtpVtDwdQEhs1KVdCtOaLy0iwuqwdQ==
  dependencies:
    ts-toolbelt "^4.10.7"

lodash@^4.17.15:
  version "4.17.15"
  resolved "https://registry.yarnpkg.com/lodash/-/lodash-4.17.15.tgz#b447f6670a0455bbfeedd11392eff330ea097548"
  integrity sha512-8xOcRHvCjnocdS5cpwXQXVzmmh5e5+saE2QGoeQmbKmRS6J3VQppPOIt0MnmE+4xlZoumy0GPG0D0MVIQbNA1A==

ramda@^0.26.1:
  version "0.26.1"
  resolved "https://registry.yarnpkg.com/ramda/-/ramda-0.26.1.tgz#8d41351eb8111c55353617fc3bbffad8e4d35d06"
  integrity sha512-hLWjpy7EnsDBb0p+Z3B7rPi3GDeRG5ZtiI33kJhTt+ORCd38AbAIjB/9zRIUoeTbE/AVX5ZkU7m6bznsvrf8eQ==

ts-toolbelt@^4.10.7:
  version "4.10.7"
  resolved "https://registry.yarnpkg.com/ts-toolbelt/-/ts-toolbelt-4.10.7.tgz#3d076afb0e99209cbde458960b253091040c6808"
  integrity sha512-4YDe0TWABZ4i8am1Bup0dwGii7c1rffZ7MXE7q4kmG+ixeiKUAnaaO75iBrw04v6vJg/VookQ0yOdDD0DEQhHA==

typescript@^3.7.2:
  version "3.7.2"
  resolved "https://registry.yarnpkg.com/typescript/-/typescript-3.7.2.tgz#27e489b95fa5909445e9fef5ee48d81697ad18fb"
  integrity sha512-ml7V7JfiN2Xwvcer+XAf2csGO1bPBdRbFCkYBczNZggrBZ9c7G3riSUeJmqEU5uOtXNPMhE3n+R4FA/3YOAWOQ==
