
Microsoft Visual Studio Solution File, Format Version 12.00
# Visual Studio Version 16
VisualStudioVersion = 16.0.28822.285
MinimumVisualStudioVersion = 10.0.40219.1
Project("{9A19103F-16F7-4668-BE54-9A1E7A4F7556}") = "acc", "acc\acc.csproj", "{4FA84905-6A02-4FDD-9CDF-468588F1D6D8}"
EndProject
Project("{9A19103F-16F7-4668-BE54-9A1E7A4F7556}") = "Flame.Runtime", "libs\Flame.Runtime\Flame.Runtime.csproj", "{3E4AFC02-B943-4FA2-A95B-61F4A3F686C0}"
EndProject
Project("{2150E333-8FDC-42A3-9474-1A3956D46DE8}") = "test", "test", "{24CBAF1C-EBD3-47DB-89BC-AD7F407DE760}"
EndProject
Project("{9A19103F-16F7-4668-BE54-9A1E7A4F7556}") = "acc_test", "test\acc_test\acc_test.csproj", "{737A19B5-7197-4B8C-82D2-2765C81D38CB}"
EndProject
Project("{2150E333-8FDC-42A3-9474-1A3956D46DE8}") = "ui", "ui", "{E0B02A0F-DC1C-4475-A8B0-860630E39FC7}"
EndProject
Project("{9A19103F-16F7-4668-BE54-9A1E7A4F7556}") = "CPU_Host", "ui\CPU_Host\CPU_Host.csproj", "{1A6A54DC-9D98-46B4-8EA9-1945CA6FCE35}"
EndProject
Project("{9A19103F-16F7-4668-BE54-9A1E7A4F7556}") = "Benchmark", "test\Benchmark\Benchmark.csproj", "{08396B74-082E-44BA-9A91-E62A50F172C9}"
EndProject
Project("{9A19103F-16F7-4668-BE54-9A1E7A4F7556}") = "Flame.Compiler.Service", "libs\Flame.Compiler.Service\Flame.Compiler.Service.csproj", "{D8EB3A34-519A-4E8A-B24B-385E17411D50}"
EndProject
Project("{9A19103F-16F7-4668-BE54-9A1E7A4F7556}") = "vm", "vm\csharp\vm.csproj", "{D99C3D06-C9B9-4759-BDA9-1FC433DEB33F}"
EndProject
Project("{FAE04EC0-301F-11D3-BF4B-00C04F79EFBC}") = "vm_test", "test\vm_test\vm_test.csproj", "{A1538F63-D4D4-45E8-8A97-8EA7E6073EB8}"
EndProject
Global
	GlobalSection(SolutionConfigurationPlatforms) = preSolution
		Debug|Any CPU = Debug|Any CPU
		Release|Any CPU = Release|Any CPU
	EndGlobalSection
	GlobalSection(ProjectConfigurationPlatforms) = postSolution
		{4FA84905-6A02-4FDD-9CDF-468588F1D6D8}.Debug|Any CPU.ActiveCfg = Debug|Any CPU
		{4FA84905-6A02-4FDD-9CDF-468588F1D6D8}.Debug|Any CPU.Build.0 = Debug|Any CPU
		{4FA84905-6A02-4FDD-9CDF-468588F1D6D8}.Release|Any CPU.ActiveCfg = Release|Any CPU
		{4FA84905-6A02-4FDD-9CDF-468588F1D6D8}.Release|Any CPU.Build.0 = Release|Any CPU
		{3E4AFC02-B943-4FA2-A95B-61F4A3F686C0}.Debug|Any CPU.ActiveCfg = Debug|Any CPU
		{3E4AFC02-B943-4FA2-A95B-61F4A3F686C0}.Debug|Any CPU.Build.0 = Debug|Any CPU
		{3E4AFC02-B943-4FA2-A95B-61F4A3F686C0}.Release|Any CPU.ActiveCfg = Release|Any CPU
		{3E4AFC02-B943-4FA2-A95B-61F4A3F686C0}.Release|Any CPU.Build.0 = Release|Any CPU
		{737A19B5-7197-4B8C-82D2-2765C81D38CB}.Debug|Any CPU.ActiveCfg = Debug|Any CPU
		{737A19B5-7197-4B8C-82D2-2765C81D38CB}.Debug|Any CPU.Build.0 = Debug|Any CPU
		{737A19B5-7197-4B8C-82D2-2765C81D38CB}.Release|Any CPU.ActiveCfg = Release|Any CPU
		{737A19B5-7197-4B8C-82D2-2765C81D38CB}.Release|Any CPU.Build.0 = Release|Any CPU
		{1A6A54DC-9D98-46B4-8EA9-1945CA6FCE35}.Debug|Any CPU.ActiveCfg = Debug|Any CPU
		{1A6A54DC-9D98-46B4-8EA9-1945CA6FCE35}.Debug|Any CPU.Build.0 = Debug|Any CPU
		{1A6A54DC-9D98-46B4-8EA9-1945CA6FCE35}.Release|Any CPU.ActiveCfg = Release|Any CPU
		{1A6A54DC-9D98-46B4-8EA9-1945CA6FCE35}.Release|Any CPU.Build.0 = Release|Any CPU
		{08396B74-082E-44BA-9A91-E62A50F172C9}.Debug|Any CPU.ActiveCfg = Debug|Any CPU
		{08396B74-082E-44BA-9A91-E62A50F172C9}.Debug|Any CPU.Build.0 = Debug|Any CPU
		{08396B74-082E-44BA-9A91-E62A50F172C9}.Release|Any CPU.ActiveCfg = Release|Any CPU
		{08396B74-082E-44BA-9A91-E62A50F172C9}.Release|Any CPU.Build.0 = Release|Any CPU
		{D8EB3A34-519A-4E8A-B24B-385E17411D50}.Debug|Any CPU.ActiveCfg = Debug|Any CPU
		{D8EB3A34-519A-4E8A-B24B-385E17411D50}.Debug|Any CPU.Build.0 = Debug|Any CPU
		{D8EB3A34-519A-4E8A-B24B-385E17411D50}.Release|Any CPU.ActiveCfg = Release|Any CPU
		{D8EB3A34-519A-4E8A-B24B-385E17411D50}.Release|Any CPU.Build.0 = Release|Any CPU
		{D99C3D06-C9B9-4759-BDA9-1FC433DEB33F}.Debug|Any CPU.ActiveCfg = Debug|Any CPU
		{D99C3D06-C9B9-4759-BDA9-1FC433DEB33F}.Debug|Any CPU.Build.0 = Debug|Any CPU
		{D99C3D06-C9B9-4759-BDA9-1FC433DEB33F}.Release|Any CPU.ActiveCfg = Release|Any CPU
		{D99C3D06-C9B9-4759-BDA9-1FC433DEB33F}.Release|Any CPU.Build.0 = Release|Any CPU
		{A1538F63-D4D4-45E8-8A97-8EA7E6073EB8}.Debug|Any CPU.ActiveCfg = Debug|Any CPU
		{A1538F63-D4D4-45E8-8A97-8EA7E6073EB8}.Debug|Any CPU.Build.0 = Debug|Any CPU
		{A1538F63-D4D4-45E8-8A97-8EA7E6073EB8}.Release|Any CPU.ActiveCfg = Release|Any CPU
		{A1538F63-D4D4-45E8-8A97-8EA7E6073EB8}.Release|Any CPU.Build.0 = Release|Any CPU
	EndGlobalSection
	GlobalSection(SolutionProperties) = preSolution
		HideSolutionNode = FALSE
	EndGlobalSection
	GlobalSection(NestedProjects) = preSolution
		{737A19B5-7197-4B8C-82D2-2765C81D38CB} = {24CBAF1C-EBD3-47DB-89BC-AD7F407DE760}
		{1A6A54DC-9D98-46B4-8EA9-1945CA6FCE35} = {E0B02A0F-DC1C-4475-A8B0-860630E39FC7}
		{08396B74-082E-44BA-9A91-E62A50F172C9} = {24CBAF1C-EBD3-47DB-89BC-AD7F407DE760}
		{A1538F63-D4D4-45E8-8A97-8EA7E6073EB8} = {24CBAF1C-EBD3-47DB-89BC-AD7F407DE760}
	EndGlobalSection
	GlobalSection(ExtensibilityGlobals) = postSolution
		SolutionGuid = {77DF946F-0A1C-4A24-8A58-E2136BF8FC38}
	EndGlobalSection
EndGlobal
